
Microsoft Visual Studio Solution File, Format Version 12.00
# Visual Studio Version 17
VisualStudioVersion = 17.11.35312.102
MinimumVisualStudioVersion = 10.0.40219.1
Project("{9A19103F-16F7-4668-BE54-9A1E7A4F7556}") = "PlatformService", "PlatformService\PlatformService.csproj", "{09C0FB7C-E25C-4DB5-B086-5E99D4BA9861}"
EndProject
Project("{2150E333-8FDC-42A3-9474-1A3956D46DE8}") = "K8S", "K8S", "{B9D67B7A-D8D0-410F-8342-DCF35135126D}"
	ProjectSection(SolutionItems) = preProject
		platforms-depl.yaml = platforms-depl.yaml
	EndProjectSection
EndProject
Global
	GlobalSection(SolutionConfigurationPlatforms) = preSolution
		Debug|Any CPU = Debug|Any CPU
		Release|Any CPU = Release|Any CPU
	EndGlobalSection
	GlobalSection(ProjectConfigurationPlatforms) = postSolution
		{09C0FB7C-E25C-4DB5-B086-5E99D4BA9861}.Debug|Any CPU.ActiveCfg = Debug|Any CPU
		{09C0FB7C-E25C-4DB5-B086-5E99D4BA9861}.Debug|Any CPU.Build.0 = Debug|Any CPU
		{09C0FB7C-E25C-4DB5-B086-5E99D4BA9861}.Release|Any CPU.ActiveCfg = Release|Any CPU
		{09C0FB7C-E25C-4DB5-B086-5E99D4BA9861}.Release|Any CPU.Build.0 = Release|Any CPU
	EndGlobalSection
	GlobalSection(SolutionProperties) = preSolution
		HideSolutionNode = FALSE
	EndGlobalSection
	GlobalSection(ExtensibilityGlobals) = postSolution
		SolutionGuid = {B4652104-6BBE-4C94-969C-E996791C56E8}
	EndGlobalSection
EndGlobal
